
Microsoft Visual Studio Solution File, Format Version 12.00
# Visual Studio 2012
Project("{FAE04EC0-301F-11D3-BF4B-00C04F79EFBC}") = "ReSharper.NTriples", "ReSharper.NTriples\ReSharper.NTriples.csproj", "{F161D712-214A-4D7F-A610-708B057FC5F3}"
EndProject
Project("{FAE04EC0-301F-11D3-BF4B-00C04F79EFBC}") = "ReSharper.NTriples.Tests", "ReSharper.NTriples.Tests\ReSharper.NTriples.Tests.csproj", "{0EC2B637-2639-4D41-B9CD-1E8C9E224E81}"
EndProject
Project("{930C7802-8A8C-48F9-8165-68863BCCD9DD}") = "ReSharper.NTriples.Installer", "ReSharper.NTriples.Installer\ReSharper.NTriples.Installer.wixproj", "{68D10A4C-D5D5-4387-B7C3-0482314B3AB6}"
	ProjectSection(ProjectDependencies) = postProject
		{F161D712-214A-4D7F-A610-708B057FC5F3} = {F161D712-214A-4D7F-A610-708B057FC5F3}
	EndProjectSection
EndProject
Project("{2150E333-8FDC-42A3-9474-1A3956D46DE8}") = ".nuget", ".nuget", "{EF2653DD-3894-4177-9491-1C2BBD22B785}"
	ProjectSection(SolutionItems) = preProject
		.nuget\NuGet.Config = .nuget\NuGet.Config
		.nuget\NuGet.exe = .nuget\NuGet.exe
		.nuget\NuGet.targets = .nuget\NuGet.targets
	EndProjectSection
EndProject
Global
	GlobalSection(SolutionConfigurationPlatforms) = preSolution
		Debug UnitTests|Any CPU = Debug UnitTests|Any CPU
		Debug UnitTests|x86 = Debug UnitTests|x86
		Debug|Any CPU = Debug|Any CPU
		Debug|x86 = Debug|x86
		Release UnitTests|Any CPU = Release UnitTests|Any CPU
		Release UnitTests|x86 = Release UnitTests|x86
		Release|Any CPU = Release|Any CPU
		Release|x86 = Release|x86
	EndGlobalSection
	GlobalSection(ProjectConfigurationPlatforms) = postSolution
		{F161D712-214A-4D7F-A610-708B057FC5F3}.Debug UnitTests|Any CPU.ActiveCfg = Debug UnitTests|Any CPU
		{F161D712-214A-4D7F-A610-708B057FC5F3}.Debug UnitTests|Any CPU.Build.0 = Debug UnitTests|Any CPU
		{F161D712-214A-4D7F-A610-708B057FC5F3}.Debug UnitTests|x86.ActiveCfg = Debug UnitTests|x86
		{F161D712-214A-4D7F-A610-708B057FC5F3}.Debug UnitTests|x86.Build.0 = Debug UnitTests|x86
		{F161D712-214A-4D7F-A610-708B057FC5F3}.Debug|Any CPU.ActiveCfg = Debug|Any CPU
		{F161D712-214A-4D7F-A610-708B057FC5F3}.Debug|Any CPU.Build.0 = Debug|Any CPU
		{F161D712-214A-4D7F-A610-708B057FC5F3}.Debug|x86.ActiveCfg = Debug|x86
		{F161D712-214A-4D7F-A610-708B057FC5F3}.Debug|x86.Build.0 = Debug|x86
		{F161D712-214A-4D7F-A610-708B057FC5F3}.Release UnitTests|Any CPU.ActiveCfg = Release UnitTests|Any CPU
		{F161D712-214A-4D7F-A610-708B057FC5F3}.Release UnitTests|Any CPU.Build.0 = Release UnitTests|Any CPU
		{F161D712-214A-4D7F-A610-708B057FC5F3}.Release UnitTests|x86.ActiveCfg = Release UnitTests|x86
		{F161D712-214A-4D7F-A610-708B057FC5F3}.Release UnitTests|x86.Build.0 = Release UnitTests|x86
		{F161D712-214A-4D7F-A610-708B057FC5F3}.Release|Any CPU.ActiveCfg = Release|Any CPU
		{F161D712-214A-4D7F-A610-708B057FC5F3}.Release|Any CPU.Build.0 = Release|Any CPU
		{F161D712-214A-4D7F-A610-708B057FC5F3}.Release|x86.ActiveCfg = Release|x86
		{F161D712-214A-4D7F-A610-708B057FC5F3}.Release|x86.Build.0 = Release|x86
		{0EC2B637-2639-4D41-B9CD-1E8C9E224E81}.Debug UnitTests|Any CPU.ActiveCfg = Debug|Any CPU
		{0EC2B637-2639-4D41-B9CD-1E8C9E224E81}.Debug UnitTests|Any CPU.Build.0 = Debug|Any CPU
		{0EC2B637-2639-4D41-B9CD-1E8C9E224E81}.Debug UnitTests|x86.ActiveCfg = Debug|x86
		{0EC2B637-2639-4D41-B9CD-1E8C9E224E81}.Debug UnitTests|x86.Build.0 = Debug|x86
		{0EC2B637-2639-4D41-B9CD-1E8C9E224E81}.Debug|Any CPU.ActiveCfg = Debug|Any CPU
		{0EC2B637-2639-4D41-B9CD-1E8C9E224E81}.Debug|Any CPU.Build.0 = Debug|Any CPU
		{0EC2B637-2639-4D41-B9CD-1E8C9E224E81}.Debug|x86.ActiveCfg = Debug|x86
		{0EC2B637-2639-4D41-B9CD-1E8C9E224E81}.Debug|x86.Build.0 = Debug|x86
		{0EC2B637-2639-4D41-B9CD-1E8C9E224E81}.Release UnitTests|Any CPU.ActiveCfg = Release|Any CPU
		{0EC2B637-2639-4D41-B9CD-1E8C9E224E81}.Release UnitTests|Any CPU.Build.0 = Release|Any CPU
		{0EC2B637-2639-4D41-B9CD-1E8C9E224E81}.Release UnitTests|x86.ActiveCfg = Release|x86
		{0EC2B637-2639-4D41-B9CD-1E8C9E224E81}.Release UnitTests|x86.Build.0 = Release|x86
		{0EC2B637-2639-4D41-B9CD-1E8C9E224E81}.Release|Any CPU.ActiveCfg = Release|Any CPU
		{0EC2B637-2639-4D41-B9CD-1E8C9E224E81}.Release|Any CPU.Build.0 = Release|Any CPU
		{0EC2B637-2639-4D41-B9CD-1E8C9E224E81}.Release|x86.ActiveCfg = Release|x86
		{0EC2B637-2639-4D41-B9CD-1E8C9E224E81}.Release|x86.Build.0 = Release|x86
		{68D10A4C-D5D5-4387-B7C3-0482314B3AB6}.Debug UnitTests|Any CPU.ActiveCfg = Debug|x86
		{68D10A4C-D5D5-4387-B7C3-0482314B3AB6}.Debug UnitTests|x86.ActiveCfg = Debug|x86
		{68D10A4C-D5D5-4387-B7C3-0482314B3AB6}.Debug UnitTests|x86.Build.0 = Debug|x86
		{68D10A4C-D5D5-4387-B7C3-0482314B3AB6}.Debug|Any CPU.ActiveCfg = Debug|x86
		{68D10A4C-D5D5-4387-B7C3-0482314B3AB6}.Debug|x86.ActiveCfg = Debug|x86
		{68D10A4C-D5D5-4387-B7C3-0482314B3AB6}.Debug|x86.Build.0 = Debug|x86
		{68D10A4C-D5D5-4387-B7C3-0482314B3AB6}.Release UnitTests|Any CPU.ActiveCfg = Release|x86
		{68D10A4C-D5D5-4387-B7C3-0482314B3AB6}.Release UnitTests|x86.ActiveCfg = Release|x86
		{68D10A4C-D5D5-4387-B7C3-0482314B3AB6}.Release UnitTests|x86.Build.0 = Release|x86
		{68D10A4C-D5D5-4387-B7C3-0482314B3AB6}.Release|Any CPU.ActiveCfg = Release|x86
		{68D10A4C-D5D5-4387-B7C3-0482314B3AB6}.Release|x86.ActiveCfg = Release|x86
		{68D10A4C-D5D5-4387-B7C3-0482314B3AB6}.Release|x86.Build.0 = Release|x86
	EndGlobalSection
	GlobalSection(SolutionProperties) = preSolution
		HideSolutionNode = FALSE
	EndGlobalSection
EndGlobal
